// !$*UTF8*$!
{
	archiveVersion = 1;
	classes = {
	};
	objectVersion = 51;
	objects = {

/* Begin PBXBuildFile section */
		0602A7429E2E41E0BEFE44F4 /* Pods_poc_ios.framework in Frameworks */ = {isa = PBXBuildFile; fileRef = 831421F410156B95F43F6C93 /* Pods_poc_ios.framework */; };
		E63F9AFB25AE570C00F436D2 /* libsqlite3.tbd in Frameworks */ = {isa = PBXBuildFile; fileRef = E63F9AFA25AE570C00F436D2 /* libsqlite3.tbd */; };
		E63F9AFE25AE571B00F436D2 /* libz.tbd in Frameworks */ = {isa = PBXBuildFile; fileRef = E63F9AFD25AE571B00F436D2 /* libz.tbd */; };
		E63F9B0125AE572600F436D2 /* libc++.tbd in Frameworks */ = {isa = PBXBuildFile; fileRef = E63F9B0025AE572600F436D2 /* libc++.tbd */; };
		E63F9B0425AE572C00F436D2 /* StoreKit.framework in Frameworks */ = {isa = PBXBuildFile; fileRef = E63F9B0325AE572C00F436D2 /* StoreKit.framework */; };
		E63F9B0D25AE599400F436D2 /* WebKit.framework in Frameworks */ = {isa = PBXBuildFile; fileRef = E63F9B0C25AE599400F436D2 /* WebKit.framework */; };
		E669E40D246995AA00110BAC /* AppDelegate.m in Sources */ = {isa = PBXBuildFile; fileRef = E669E40C246995AA00110BAC /* AppDelegate.m */; };
		E669E413246995AA00110BAC /* ViewController.m in Sources */ = {isa = PBXBuildFile; fileRef = E669E412246995AA00110BAC /* ViewController.m */; };
		E669E416246995AA00110BAC /* Main.storyboard in Resources */ = {isa = PBXBuildFile; fileRef = E669E414246995AA00110BAC /* Main.storyboard */; };
		E669E418246995B400110BAC /* Assets.xcassets in Resources */ = {isa = PBXBuildFile; fileRef = E669E417246995B400110BAC /* Assets.xcassets */; };
		E669E41B246995B400110BAC /* LaunchScreen.storyboard in Resources */ = {isa = PBXBuildFile; fileRef = E669E419246995B400110BAC /* LaunchScreen.storyboard */; };
		E669E41E246995B400110BAC /* main.m in Sources */ = {isa = PBXBuildFile; fileRef = E669E41D246995B400110BAC /* main.m */; };
		E6DE24912469E92C00A8264B /* GoogleService-Info.plist in Resources */ = {isa = PBXBuildFile; fileRef = E6DE24902469E92B00A8264B /* GoogleService-Info.plist */; };
		E6DE24AC246ADCAA00A8264B /* PocViewController.m in Sources */ = {isa = PBXBuildFile; fileRef = E6DE24AA246ADCAA00A8264B /* PocViewController.m */; };
		E6DE24AD246ADCAA00A8264B /* PocViewController.xib in Resources */ = {isa = PBXBuildFile; fileRef = E6DE24AB246ADCAA00A8264B /* PocViewController.xib */; };
/* End PBXBuildFile section */

/* Begin PBXFileReference section */
		2615F1DA605AEB184B1AB586 /* Pods-poc-ios.release.xcconfig */ = {isa = PBXFileReference; includeInIndex = 1; lastKnownFileType = text.xcconfig; name = "Pods-poc-ios.release.xcconfig"; path = "Target Support Files/Pods-poc-ios/Pods-poc-ios.release.xcconfig"; sourceTree = "<group>"; };
		831421F410156B95F43F6C93 /* Pods_poc_ios.framework */ = {isa = PBXFileReference; explicitFileType = wrapper.framework; includeInIndex = 0; path = Pods_poc_ios.framework; sourceTree = BUILT_PRODUCTS_DIR; };
		E257F88E3667CD2EA90E22B1 /* Pods-poc-ios.debug.xcconfig */ = {isa = PBXFileReference; includeInIndex = 1; lastKnownFileType = text.xcconfig; name = "Pods-poc-ios.debug.xcconfig"; path = "Target Support Files/Pods-poc-ios/Pods-poc-ios.debug.xcconfig"; sourceTree = "<group>"; };
		E634D9F925C1DD5500F313B3 /* AcessoBio.framework */ = {isa = PBXFileReference; explicitFileType = wrapper.framework; path = AcessoBio.framework; sourceTree = BUILT_PRODUCTS_DIR; };
		E63F9AFA25AE570C00F436D2 /* libsqlite3.tbd */ = {isa = PBXFileReference; lastKnownFileType = "sourcecode.text-based-dylib-definition"; name = libsqlite3.tbd; path = usr/lib/libsqlite3.tbd; sourceTree = SDKROOT; };
		E63F9AFD25AE571B00F436D2 /* libz.tbd */ = {isa = PBXFileReference; lastKnownFileType = "sourcecode.text-based-dylib-definition"; name = libz.tbd; path = usr/lib/libz.tbd; sourceTree = SDKROOT; };
		E63F9B0025AE572600F436D2 /* libc++.tbd */ = {isa = PBXFileReference; lastKnownFileType = "sourcecode.text-based-dylib-definition"; name = "libc++.tbd"; path = "usr/lib/libc++.tbd"; sourceTree = SDKROOT; };
		E63F9B0325AE572C00F436D2 /* StoreKit.framework */ = {isa = PBXFileReference; lastKnownFileType = wrapper.framework; name = StoreKit.framework; path = System/Library/Frameworks/StoreKit.framework; sourceTree = SDKROOT; };
		E63F9B0C25AE599400F436D2 /* WebKit.framework */ = {isa = PBXFileReference; lastKnownFileType = wrapper.framework; name = WebKit.framework; path = System/Library/Frameworks/WebKit.framework; sourceTree = SDKROOT; };
		E669E408246995AA00110BAC /* poc-ios.app */ = {isa = PBXFileReference; explicitFileType = wrapper.application; includeInIndex = 0; path = "poc-ios.app"; sourceTree = BUILT_PRODUCTS_DIR; };
		E669E40B246995AA00110BAC /* AppDelegate.h */ = {isa = PBXFileReference; lastKnownFileType = sourcecode.c.h; path = AppDelegate.h; sourceTree = "<group>"; };
		E669E40C246995AA00110BAC /* AppDelegate.m */ = {isa = PBXFileReference; lastKnownFileType = sourcecode.c.objc; path = AppDelegate.m; sourceTree = "<group>"; };
		E669E411246995AA00110BAC /* ViewController.h */ = {isa = PBXFileReference; lastKnownFileType = sourcecode.c.h; path = ViewController.h; sourceTree = "<group>"; };
		E669E412246995AA00110BAC /* ViewController.m */ = {isa = PBXFileReference; lastKnownFileType = sourcecode.c.objc; path = ViewController.m; sourceTree = "<group>"; };
		E669E415246995AA00110BAC /* Base */ = {isa = PBXFileReference; lastKnownFileType = file.storyboard; name = Base; path = Base.lproj/Main.storyboard; sourceTree = "<group>"; };
		E669E417246995B400110BAC /* Assets.xcassets */ = {isa = PBXFileReference; lastKnownFileType = folder.assetcatalog; path = Assets.xcassets; sourceTree = "<group>"; };
		E669E41A246995B400110BAC /* Base */ = {isa = PBXFileReference; lastKnownFileType = file.storyboard; name = Base; path = Base.lproj/LaunchScreen.storyboard; sourceTree = "<group>"; };
		E669E41C246995B400110BAC /* Info.plist */ = {isa = PBXFileReference; lastKnownFileType = text.plist.xml; path = Info.plist; sourceTree = "<group>"; };
		E669E41D246995B400110BAC /* main.m */ = {isa = PBXFileReference; lastKnownFileType = sourcecode.c.objc; path = main.m; sourceTree = "<group>"; };
		E6DE24902469E92B00A8264B /* GoogleService-Info.plist */ = {isa = PBXFileReference; fileEncoding = 4; lastKnownFileType = text.plist.xml; path = "GoogleService-Info.plist"; sourceTree = "<group>"; };
		E6DE24A9246ADCAA00A8264B /* PocViewController.h */ = {isa = PBXFileReference; lastKnownFileType = sourcecode.c.h; path = PocViewController.h; sourceTree = "<group>"; };
		E6DE24AA246ADCAA00A8264B /* PocViewController.m */ = {isa = PBXFileReference; lastKnownFileType = sourcecode.c.objc; path = PocViewController.m; sourceTree = "<group>"; };
		E6DE24AB246ADCAA00A8264B /* PocViewController.xib */ = {isa = PBXFileReference; lastKnownFileType = file.xib; path = PocViewController.xib; sourceTree = "<group>"; };
/* End PBXFileReference section */

/* Begin PBXFrameworksBuildPhase section */
		E669E405246995AA00110BAC /* Frameworks */ = {
			isa = PBXFrameworksBuildPhase;
			buildActionMask = 2147483647;
			files = (
				E63F9B0D25AE599400F436D2 /* WebKit.framework in Frameworks */,
				E63F9B0425AE572C00F436D2 /* StoreKit.framework in Frameworks */,
				E63F9B0125AE572600F436D2 /* libc++.tbd in Frameworks */,
				E63F9AFE25AE571B00F436D2 /* libz.tbd in Frameworks */,
				E63F9AFB25AE570C00F436D2 /* libsqlite3.tbd in Frameworks */,
				0602A7429E2E41E0BEFE44F4 /* Pods_poc_ios.framework in Frameworks */,
			);
			runOnlyForDeploymentPostprocessing = 0;
		};
/* End PBXFrameworksBuildPhase section */

/* Begin PBXGroup section */
		6F4034B53434E64F60CEF66F /* Frameworks */ = {
			isa = PBXGroup;
			children = (
				E634D9F925C1DD5500F313B3 /* AcessoBio.framework */,
				E63F9B0C25AE599400F436D2 /* WebKit.framework */,
				E63F9B0325AE572C00F436D2 /* StoreKit.framework */,
				E63F9B0025AE572600F436D2 /* libc++.tbd */,
				E63F9AFD25AE571B00F436D2 /* libz.tbd */,
				E63F9AFA25AE570C00F436D2 /* libsqlite3.tbd */,
				831421F410156B95F43F6C93 /* Pods_poc_ios.framework */,
			);
			name = Frameworks;
			sourceTree = "<group>";
		};
		D052B101C278935C3A2047C4 /* Pods */ = {
			isa = PBXGroup;
			children = (
				E257F88E3667CD2EA90E22B1 /* Pods-poc-ios.debug.xcconfig */,
				2615F1DA605AEB184B1AB586 /* Pods-poc-ios.release.xcconfig */,
			);
			path = Pods;
			sourceTree = "<group>";
		};
		E669E3FF246995AA00110BAC = {
			isa = PBXGroup;
			children = (
				E669E40A246995AA00110BAC /* poc-ios */,
				E669E409246995AA00110BAC /* Products */,
				D052B101C278935C3A2047C4 /* Pods */,
				6F4034B53434E64F60CEF66F /* Frameworks */,
			);
			sourceTree = "<group>";
		};
		E669E409246995AA00110BAC /* Products */ = {
			isa = PBXGroup;
			children = (
				E669E408246995AA00110BAC /* poc-ios.app */,
			);
			name = Products;
			sourceTree = "<group>";
		};
		E669E40A246995AA00110BAC /* poc-ios */ = {
			isa = PBXGroup;
			children = (
				E6DE24902469E92B00A8264B /* GoogleService-Info.plist */,
				E669E40B246995AA00110BAC /* AppDelegate.h */,
				E669E40C246995AA00110BAC /* AppDelegate.m */,
				E669E411246995AA00110BAC /* ViewController.h */,
				E669E412246995AA00110BAC /* ViewController.m */,
				E669E414246995AA00110BAC /* Main.storyboard */,
				E669E417246995B400110BAC /* Assets.xcassets */,
				E669E419246995B400110BAC /* LaunchScreen.storyboard */,
				E669E41C246995B400110BAC /* Info.plist */,
				E669E41D246995B400110BAC /* main.m */,
				E6DE24A9246ADCAA00A8264B /* PocViewController.h */,
				E6DE24AA246ADCAA00A8264B /* PocViewController.m */,
				E6DE24AB246ADCAA00A8264B /* PocViewController.xib */,
			);
			path = "poc-ios";
			sourceTree = "<group>";
		};
/* End PBXGroup section */

/* Begin PBXNativeTarget section */
		E669E407246995AA00110BAC /* poc-ios */ = {
			isa = PBXNativeTarget;
			buildConfigurationList = E669E421246995B500110BAC /* Build configuration list for PBXNativeTarget "poc-ios" */;
			buildPhases = (
				844CF29AF7392478BFCA2CF4 /* [CP] Check Pods Manifest.lock */,
				E669E404246995AA00110BAC /* Sources */,
				E669E405246995AA00110BAC /* Frameworks */,
				E669E406246995AA00110BAC /* Resources */,
				77A53FD16B69ABB08A913415 /* [CP] Copy Pods Resources */,
			);
			buildRules = (
			);
			dependencies = (
			);
			name = "poc-ios";
			productName = "poc-ios";
			productReference = E669E408246995AA00110BAC /* poc-ios.app */;
			productType = "com.apple.product-type.application";
		};
/* End PBXNativeTarget section */

/* Begin PBXProject section */
		E669E400246995AA00110BAC /* Project object */ = {
			isa = PBXProject;
			attributes = {
				LastUpgradeCheck = 1140;
				ORGANIZATIONNAME = "Acesso Digital";
				TargetAttributes = {
					E669E407246995AA00110BAC = {
						CreatedOnToolsVersion = 11.4;
					};
				};
			};
			buildConfigurationList = E669E403246995AA00110BAC /* Build configuration list for PBXProject "poc-ios" */;
			compatibilityVersion = "Xcode 9.3";
			developmentRegion = en;
			hasScannedForEncodings = 0;
			knownRegions = (
				en,
				Base,
			);
			mainGroup = E669E3FF246995AA00110BAC;
			productRefGroup = E669E409246995AA00110BAC /* Products */;
			projectDirPath = "";
			projectRoot = "";
			targets = (
				E669E407246995AA00110BAC /* poc-ios */,
			);
		};
/* End PBXProject section */

/* Begin PBXResourcesBuildPhase section */
		E669E406246995AA00110BAC /* Resources */ = {
			isa = PBXResourcesBuildPhase;
			buildActionMask = 2147483647;
			files = (
				E669E41B246995B400110BAC /* LaunchScreen.storyboard in Resources */,
				E669E418246995B400110BAC /* Assets.xcassets in Resources */,
				E669E416246995AA00110BAC /* Main.storyboard in Resources */,
				E6DE24AD246ADCAA00A8264B /* PocViewController.xib in Resources */,
				E6DE24912469E92C00A8264B /* GoogleService-Info.plist in Resources */,
			);
			runOnlyForDeploymentPostprocessing = 0;
		};
/* End PBXResourcesBuildPhase section */

/* Begin PBXShellScriptBuildPhase section */
		77A53FD16B69ABB08A913415 /* [CP] Copy Pods Resources */ = {
			isa = PBXShellScriptBuildPhase;
			buildActionMask = 2147483647;
			files = (
			);
			inputFileListPaths = (
				"${PODS_ROOT}/Target Support Files/Pods-poc-ios/Pods-poc-ios-resources-${CONFIGURATION}-input-files.xcfilelist",
			);
			name = "[CP] Copy Pods Resources";
			outputFileListPaths = (
				"${PODS_ROOT}/Target Support Files/Pods-poc-ios/Pods-poc-ios-resources-${CONFIGURATION}-output-files.xcfilelist",
			);
			runOnlyForDeploymentPostprocessing = 0;
			shellPath = /bin/sh;
			shellScript = "\"${PODS_ROOT}/Target Support Files/Pods-poc-ios/Pods-poc-ios-resources.sh\"\n";
			showEnvVarsInLog = 0;
		};
		844CF29AF7392478BFCA2CF4 /* [CP] Check Pods Manifest.lock */ = {
			isa = PBXShellScriptBuildPhase;
			buildActionMask = 2147483647;
			files = (
			);
			inputFileListPaths = (
			);
			inputPaths = (
				"${PODS_PODFILE_DIR_PATH}/Podfile.lock",
				"${PODS_ROOT}/Manifest.lock",
			);
			name = "[CP] Check Pods Manifest.lock";
			outputFileListPaths = (
			);
			outputPaths = (
				"$(DERIVED_FILE_DIR)/Pods-poc-ios-checkManifestLockResult.txt",
			);
			runOnlyForDeploymentPostprocessing = 0;
			shellPath = /bin/sh;
			shellScript = "diff \"${PODS_PODFILE_DIR_PATH}/Podfile.lock\" \"${PODS_ROOT}/Manifest.lock\" > /dev/null\nif [ $? != 0 ] ; then\n    # print error to STDERR\n    echo \"error: The sandbox is not in sync with the Podfile.lock. Run 'pod install' or update your CocoaPods installation.\" >&2\n    exit 1\nfi\n# This output is used by Xcode 'outputs' to avoid re-running this script phase.\necho \"SUCCESS\" > \"${SCRIPT_OUTPUT_FILE_0}\"\n";
			showEnvVarsInLog = 0;
		};
/* End PBXShellScriptBuildPhase section */

/* Begin PBXSourcesBuildPhase section */
		E669E404246995AA00110BAC /* Sources */ = {
			isa = PBXSourcesBuildPhase;
			buildActionMask = 2147483647;
			files = (
				E669E413246995AA00110BAC /* ViewController.m in Sources */,
				E6DE24AC246ADCAA00A8264B /* PocViewController.m in Sources */,
				E669E40D246995AA00110BAC /* AppDelegate.m in Sources */,
				E669E41E246995B400110BAC /* main.m in Sources */,
			);
			runOnlyForDeploymentPostprocessing = 0;
		};
/* End PBXSourcesBuildPhase section */

/* Begin PBXVariantGroup section */
		E669E414246995AA00110BAC /* Main.storyboard */ = {
			isa = PBXVariantGroup;
			children = (
				E669E415246995AA00110BAC /* Base */,
			);
			name = Main.storyboard;
			sourceTree = "<group>";
		};
		E669E419246995B400110BAC /* LaunchScreen.storyboard */ = {
			isa = PBXVariantGroup;
			children = (
				E669E41A246995B400110BAC /* Base */,
			);
			name = LaunchScreen.storyboard;
			sourceTree = "<group>";
		};
/* End PBXVariantGroup section */

/* Begin XCBuildConfiguration section */
		E669E41F246995B400110BAC /* Debug */ = {
			isa = XCBuildConfiguration;
			buildSettings = {
				ALWAYS_SEARCH_USER_PATHS = NO;
				CLANG_ANALYZER_NONNULL = YES;
				CLANG_ANALYZER_NUMBER_OBJECT_CONVERSION = YES_AGGRESSIVE;
				CLANG_CXX_LANGUAGE_STANDARD = "gnu++14";
				CLANG_CXX_LIBRARY = "libc++";
				CLANG_ENABLE_MODULES = YES;
				CLANG_ENABLE_OBJC_ARC = YES;
				CLANG_ENABLE_OBJC_WEAK = YES;
				CLANG_WARN_BLOCK_CAPTURE_AUTORELEASING = YES;
				CLANG_WARN_BOOL_CONVERSION = YES;
				CLANG_WARN_COMMA = YES;
				CLANG_WARN_CONSTANT_CONVERSION = YES;
				CLANG_WARN_DEPRECATED_OBJC_IMPLEMENTATIONS = YES;
				CLANG_WARN_DIRECT_OBJC_ISA_USAGE = YES_ERROR;
				CLANG_WARN_DOCUMENTATION_COMMENTS = YES;
				CLANG_WARN_EMPTY_BODY = YES;
				CLANG_WARN_ENUM_CONVERSION = YES;
				CLANG_WARN_INFINITE_RECURSION = YES;
				CLANG_WARN_INT_CONVERSION = YES;
				CLANG_WARN_NON_LITERAL_NULL_CONVERSION = YES;
				CLANG_WARN_OBJC_IMPLICIT_RETAIN_SELF = YES;
				CLANG_WARN_OBJC_LITERAL_CONVERSION = YES;
				CLANG_WARN_OBJC_ROOT_CLASS = YES_ERROR;
				CLANG_WARN_RANGE_LOOP_ANALYSIS = YES;
				CLANG_WARN_STRICT_PROTOTYPES = YES;
				CLANG_WARN_SUSPICIOUS_MOVE = YES;
				CLANG_WARN_UNGUARDED_AVAILABILITY = YES_AGGRESSIVE;
				CLANG_WARN_UNREACHABLE_CODE = YES;
				CLANG_WARN__DUPLICATE_METHOD_MATCH = YES;
				COPY_PHASE_STRIP = NO;
				DEBUG_INFORMATION_FORMAT = dwarf;
				ENABLE_STRICT_OBJC_MSGSEND = YES;
				ENABLE_TESTABILITY = YES;
				GCC_C_LANGUAGE_STANDARD = gnu11;
				GCC_DYNAMIC_NO_PIC = NO;
				GCC_NO_COMMON_BLOCKS = YES;
				GCC_OPTIMIZATION_LEVEL = 0;
				GCC_PREPROCESSOR_DEFINITIONS = (
					"DEBUG=1",
					"$(inherited)",
				);
				GCC_WARN_64_TO_32_BIT_CONVERSION = YES;
				GCC_WARN_ABOUT_RETURN_TYPE = YES_ERROR;
				GCC_WARN_UNDECLARED_SELECTOR = YES;
				GCC_WARN_UNINITIALIZED_AUTOS = YES_AGGRESSIVE;
				GCC_WARN_UNUSED_FUNCTION = YES;
				GCC_WARN_UNUSED_VARIABLE = YES;
				IPHONEOS_DEPLOYMENT_TARGET = 13.4;
				MTL_ENABLE_DEBUG_INFO = INCLUDE_SOURCE;
				MTL_FAST_MATH = YES;
				ONLY_ACTIVE_ARCH = YES;
				SDKROOT = iphoneos;
			};
			name = Debug;
		};
		E669E420246995B400110BAC /* Release */ = {
			isa = XCBuildConfiguration;
			buildSettings = {
				ALWAYS_SEARCH_USER_PATHS = NO;
				CLANG_ANALYZER_NONNULL = YES;
				CLANG_ANALYZER_NUMBER_OBJECT_CONVERSION = YES_AGGRESSIVE;
				CLANG_CXX_LANGUAGE_STANDARD = "gnu++14";
				CLANG_CXX_LIBRARY = "libc++";
				CLANG_ENABLE_MODULES = YES;
				CLANG_ENABLE_OBJC_ARC = YES;
				CLANG_ENABLE_OBJC_WEAK = YES;
				CLANG_WARN_BLOCK_CAPTURE_AUTORELEASING = YES;
				CLANG_WARN_BOOL_CONVERSION = YES;
				CLANG_WARN_COMMA = YES;
				CLANG_WARN_CONSTANT_CONVERSION = YES;
				CLANG_WARN_DEPRECATED_OBJC_IMPLEMENTATIONS = YES;
				CLANG_WARN_DIRECT_OBJC_ISA_USAGE = YES_ERROR;
				CLANG_WARN_DOCUMENTATION_COMMENTS = YES;
				CLANG_WARN_EMPTY_BODY = YES;
				CLANG_WARN_ENUM_CONVERSION = YES;
				CLANG_WARN_INFINITE_RECURSION = YES;
				CLANG_WARN_INT_CONVERSION = YES;
				CLANG_WARN_NON_LITERAL_NULL_CONVERSION = YES;
				CLANG_WARN_OBJC_IMPLICIT_RETAIN_SELF = YES;
				CLANG_WARN_OBJC_LITERAL_CONVERSION = YES;
				CLANG_WARN_OBJC_ROOT_CLASS = YES_ERROR;
				CLANG_WARN_RANGE_LOOP_ANALYSIS = YES;
				CLANG_WARN_STRICT_PROTOTYPES = YES;
				CLANG_WARN_SUSPICIOUS_MOVE = YES;
				CLANG_WARN_UNGUARDED_AVAILABILITY = YES_AGGRESSIVE;
				CLANG_WARN_UNREACHABLE_CODE = YES;
				CLANG_WARN__DUPLICATE_METHOD_MATCH = YES;
				COPY_PHASE_STRIP = NO;
				DEBUG_INFORMATION_FORMAT = "dwarf-with-dsym";
				ENABLE_NS_ASSERTIONS = NO;
				ENABLE_STRICT_OBJC_MSGSEND = YES;
				GCC_C_LANGUAGE_STANDARD = gnu11;
				GCC_NO_COMMON_BLOCKS = YES;
				GCC_WARN_64_TO_32_BIT_CONVERSION = YES;
				GCC_WARN_ABOUT_RETURN_TYPE = YES_ERROR;
				GCC_WARN_UNDECLARED_SELECTOR = YES;
				GCC_WARN_UNINITIALIZED_AUTOS = YES_AGGRESSIVE;
				GCC_WARN_UNUSED_FUNCTION = YES;
				GCC_WARN_UNUSED_VARIABLE = YES;
				IPHONEOS_DEPLOYMENT_TARGET = 13.4;
				MTL_ENABLE_DEBUG_INFO = NO;
				MTL_FAST_MATH = YES;
				SDKROOT = iphoneos;
				VALIDATE_PRODUCT = YES;
			};
			name = Release;
		};
		E669E422246995B500110BAC /* Debug */ = {
			isa = XCBuildConfiguration;
			baseConfigurationReference = E257F88E3667CD2EA90E22B1 /* Pods-poc-ios.debug.xcconfig */;
			buildSettings = {
				ASSETCATALOG_COMPILER_APPICON_NAME = AppIcon;
				CODE_SIGN_STYLE = Automatic;
				DEVELOPMENT_TEAM = GR7KL5JY22;
				EXCLUDED_ARCHS = "";
				FRAMEWORK_SEARCH_PATHS = "$(inherited)";
				INFOPLIST_FILE = "poc-ios/Info.plist";
				IPHONEOS_DEPLOYMENT_TARGET = 13.0;
				LD_RUNPATH_SEARCH_PATHS = (
					"$(inherited)",
					"@executable_path/Frameworks",
				);
				ONLY_ACTIVE_ARCH = NO;
				OTHER_LDFLAGS = "$(inherited)";
				PRODUCT_BUNDLE_IDENTIFIER = "com.acesso.io.poc-ios";
				PRODUCT_NAME = "$(TARGET_NAME)";
				TARGETED_DEVICE_FAMILY = 1;
			};
			name = Debug;
		};
		E669E423246995B500110BAC /* Release */ = {
			isa = XCBuildConfiguration;
			baseConfigurationReference = 2615F1DA605AEB184B1AB586 /* Pods-poc-ios.release.xcconfig */;
			buildSettings = {
				ASSETCATALOG_COMPILER_APPICON_NAME = AppIcon;
				CODE_SIGN_STYLE = Automatic;
				DEVELOPMENT_TEAM = GR7KL5JY22;
				EXCLUDED_ARCHS = "";
				FRAMEWORK_SEARCH_PATHS = "$(inherited)";
				INFOPLIST_FILE = "poc-ios/Info.plist";
				IPHONEOS_DEPLOYMENT_TARGET = 13.0;
				LD_RUNPATH_SEARCH_PATHS = (
					"$(inherited)",
					"@executable_path/Frameworks",
				);
				OTHER_LDFLAGS = "$(inherited)";
				PRODUCT_BUNDLE_IDENTIFIER = "com.acesso.io.poc-ios";
				PRODUCT_NAME = "$(TARGET_NAME)";
				TARGETED_DEVICE_FAMILY = 1;
			};
			name = Release;
		};
/* End XCBuildConfiguration section */

/* Begin XCConfigurationList section */
		E669E403246995AA00110BAC /* Build configuration list for PBXProject "poc-ios" */ = {
			isa = XCConfigurationList;
			buildConfigurations = (
				E669E41F246995B400110BAC /* Debug */,
				E669E420246995B400110BAC /* Release */,
			);
			defaultConfigurationIsVisible = 0;
			defaultConfigurationName = Release;
		};
		E669E421246995B500110BAC /* Build configuration list for PBXNativeTarget "poc-ios" */ = {
			isa = XCConfigurationList;
			buildConfigurations = (
				E669E422246995B500110BAC /* Debug */,
				E669E423246995B500110BAC /* Release */,
			);
			defaultConfigurationIsVisible = 0;
			defaultConfigurationName = Release;
		};
/* End XCConfigurationList section */
	};
	rootObject = E669E400246995AA00110BAC /* Project object */;
}
